
Microsoft Visual Studio Solution File, Format Version 12.00
# Visual Studio Version 17
VisualStudioVersion = 17.5.002.0
MinimumVisualStudioVersion = 10.0.40219.1
Project("{9A19103F-16F7-4668-BE54-9A1E7A4F7556}") = "TrabalhoAvaliativo[", "TrabalhoAvaliativo[.csproj", "{16490063-4F10-42AD-A501-3658316C1296}"
EndProject
Global
	GlobalSection(SolutionConfigurationPlatforms) = preSolution
		Debug|Any CPU = Debug|Any CPU
		Release|Any CPU = Release|Any CPU
	EndGlobalSection
	GlobalSection(ProjectConfigurationPlatforms) = postSolution
		{16490063-4F10-42AD-A501-3658316C1296}.Debug|Any CPU.ActiveCfg = Debug|Any CPU
		{16490063-4F10-42AD-A501-3658316C1296}.Debug|Any CPU.Build.0 = Debug|Any CPU
		{16490063-4F10-42AD-A501-3658316C1296}.Release|Any CPU.ActiveCfg = Release|Any CPU
		{16490063-4F10-42AD-A501-3658316C1296}.Release|Any CPU.Build.0 = Release|Any CPU
	EndGlobalSection
	GlobalSection(SolutionProperties) = preSolution
		HideSolutionNode = FALSE
	EndGlobalSection
	GlobalSection(ExtensibilityGlobals) = postSolution
		SolutionGuid = {A3472CE5-5DEB-4F6A-AC26-77A0CA8153DC}
	EndGlobalSection
EndGlobal
